<?xml version="1.0" encoding="utf-8"?>
<Project ToolsVersion="4.0" xmlns="http://schemas.microsoft.com/developer/msbuild/2003">
  <ItemGroup>
    <Filter Include="Generated Files">
      <UniqueIdentifier>{71ED8ED8-ACB9-4CE9-BBE1-E00B30144E11}</UniqueIdentifier>
      <Extensions>cpp;c;cxx;moc;h;def;odl;idl;res;</Extensions>
    </Filter>
    <Filter Include="Generated Files">
      <UniqueIdentifier>{71ED8ED8-ACB9-4CE9-BBE1-E00B30144E11}</UniqueIdentifier>
      <Extensions>cpp;c;cxx;moc;h;def;odl;idl;res;</Extensions>
    </Filter>
    <Filter Include="Header Files">
      <UniqueIdentifier>{93995380-89BD-4b04-88EB-625FBE52EBFB}</UniqueIdentifier>
      <Extensions>h;hpp;hxx;hm;inl;inc;xsd</Extensions>
    </Filter>
    <Filter Include="Header Files">
      <UniqueIdentifier>{93995380-89BD-4b04-88EB-625FBE52EBFB}</UniqueIdentifier>
      <Extensions>h;hpp;hxx;hm;inl;inc;xsd</Extensions>
    </Filter>
    <Filter Include="Source Files">
      <UniqueIdentifier>{4FC737F1-C7A5-4376-A066-2A32D752A2FF}</UniqueIdentifier>
      <Extensions>cpp;c;cxx;def;odl;idl;hpj;bat;asm;asmx</Extensions>
    </Filter>
    <Filter Include="Source Files">
      <UniqueIdentifier>{4FC737F1-C7A5-4376-A066-2A32D752A2FF}</UniqueIdentifier>
      <Extensions>cpp;c;cxx;def;odl;idl;hpj;bat;asm;asmx</Extensions>
    </Filter>
  </ItemGroup>
  <ItemGroup>
    <ClCompile Include="compression.cpp">
      <Filter>Source Files</Filter>
    </ClCompile>
    <ClCompile Include="gidmapper.cpp">
      <Filter>Source Files</Filter>
    </ClCompile>
    <ClCompile Include="hexagonalrenderer.cpp">
      <Filter>Source Files</Filter>
    </ClCompile>
    <ClCompile Include="imagelayer.cpp">
      <Filter>Source Files</Filter>
    </ClCompile>
    <ClCompile Include="imagereference.cpp">
      <Filter>Source Files</Filter>
    </ClCompile>
    <ClCompile Include="isometricrenderer.cpp">
      <Filter>Source Files</Filter>
    </ClCompile>
    <ClCompile Include="layer.cpp">
      <Filter>Source Files</Filter>
    </ClCompile>
    <ClCompile Include="map.cpp">
      <Filter>Source Files</Filter>
    </ClCompile>
    <ClCompile Include="mapobject.cpp">
      <Filter>Source Files</Filter>
    </ClCompile>
    <ClCompile Include="mapreader.cpp">
      <Filter>Source Files</Filter>
    </ClCompile>
    <ClCompile Include="maprenderer.cpp">
      <Filter>Source Files</Filter>
    </ClCompile>
    <ClCompile Include="maptovariantconverter.cpp">
      <Filter>Source Files</Filter>
    </ClCompile>
    <ClCompile Include="mapwriter.cpp">
      <Filter>Source Files</Filter>
    </ClCompile>
    <ClCompile Include="objectgroup.cpp">
      <Filter>Source Files</Filter>
    </ClCompile>
    <ClCompile Include="orthogonalrenderer.cpp">
      <Filter>Source Files</Filter>
    </ClCompile>
    <ClCompile Include="plugin.cpp">
      <Filter>Source Files</Filter>
    </ClCompile>
    <ClCompile Include="pluginmanager.cpp">
      <Filter>Source Files</Filter>
    </ClCompile>
    <ClCompile Include="properties.cpp">
      <Filter>Source Files</Filter>
    </ClCompile>
    <ClCompile Include="staggeredrenderer.cpp">
      <Filter>Source Files</Filter>
    </ClCompile>
    <ClCompile Include="tile.cpp">
      <Filter>Source Files</Filter>
    </ClCompile>
    <ClCompile Include="tilelayer.cpp">
      <Filter>Source Files</Filter>
    </ClCompile>
    <ClCompile Include="tileset.cpp">
      <Filter>Source Files</Filter>
    </ClCompile>
    <ClCompile Include="tilesetformat.cpp">
      <Filter>Source Files</Filter>
    </ClCompile>
    <ClCompile Include="varianttomapconverter.cpp">
      <Filter>Source Files</Filter>
    </ClCompile>
  </ItemGroup>
  <ItemGroup>
    <ClInclude Include="compression.h">
      <Filter>Header Files</Filter>
    </ClInclude>
    <ClInclude Include="gidmapper.h">
      <Filter>Header Files</Filter>
    </ClInclude>
    <ClInclude Include="hexagonalrenderer.h">
      <Filter>Header Files</Filter>
    </ClInclude>
    <ClInclude Include="imagelayer.h">
      <Filter>Header Files</Filter>
    </ClInclude>
    <ClInclude Include="imagereference.h">
      <Filter>Header Files</Filter>
    </ClInclude>
    <ClInclude Include="isometricrenderer.h">
      <Filter>Header Files</Filter>
    </ClInclude>
    <ClInclude Include="layer.h">
      <Filter>Header Files</Filter>
    </ClInclude>
    <CustomBuild Include="logginginterface.h">
      <Filter>Header Files</Filter>
    </CustomBuild>
    <ClInclude Include="map.h">
      <Filter>Header Files</Filter>
    </ClInclude>
    <CustomBuild Include="mapformat.h">
      <Filter>Header Files</Filter>
    </CustomBuild>
    <ClInclude Include="mapobject.h">
      <Filter>Header Files</Filter>
    </ClInclude>
    <ClInclude Include="mapreader.h">
      <Filter>Header Files</Filter>
    </ClInclude>
    <ClInclude Include="maprenderer.h">
      <Filter>Header Files</Filter>
    </ClInclude>
    <ClInclude Include="maptovariantconverter.h">
      <Filter>Header Files</Filter>
    </ClInclude>
    <ClInclude Include="mapwriter.h">
      <Filter>Header Files</Filter>
    </ClInclude>
    <ClInclude Include="object.h">
      <Filter>Header Files</Filter>
    </ClInclude>
    <ClInclude Include="objectgroup.h">
      <Filter>Header Files</Filter>
    </ClInclude>
    <ClInclude Include="orthogonalrenderer.h">
      <Filter>Header Files</Filter>
    </ClInclude>
    <CustomBuild Include="plugin.h">
      <Filter>Header Files</Filter>
    </CustomBuild>
    <CustomBuild Include="pluginmanager.h">
      <Filter>Header Files</Filter>
    </CustomBuild>
    <ClInclude Include="properties.h">
      <Filter>Header Files</Filter>
    </ClInclude>
    <ClInclude Include="staggeredrenderer.h">
      <Filter>Header Files</Filter>
    </ClInclude>
    <ClInclude Include="terrain.h">
      <Filter>Header Files</Filter>
    </ClInclude>
    <ClInclude Include="tile.h">
      <Filter>Header Files</Filter>
    </ClInclude>
    <ClInclude Include="tiled.h">
      <Filter>Header Files</Filter>
    </ClInclude>
    <ClInclude Include="tiled_global.h">
      <Filter>Header Files</Filter>
    </ClInclude>
    <ClInclude Include="tilelayer.h">
      <Filter>Header Files</Filter>
    </ClInclude>
    <ClInclude Include="tileset.h">
      <Filter>Header Files</Filter>
    </ClInclude>
    <ClInclude Include="tilesetformat.h">
      <Filter>Header Files</Filter>
    </ClInclude>
    <ClInclude Include="varianttomapconverter.h">
      <Filter>Header Files</Filter>
    </ClInclude>
  </ItemGroup>
  <ItemGroup>
    <ClCompile Include="debug\moc_logginginterface.cpp">
      <Filter>Generated Files</Filter>
    </ClCompile>
    <ClCompile Include="release\moc_logginginterface.cpp">
      <Filter>Generated Files</Filter>
    </ClCompile>
    <ClCompile Include="debug\moc_mapformat.cpp">
      <Filter>Generated Files</Filter>
    </ClCompile>
    <ClCompile Include="release\moc_mapformat.cpp">
      <Filter>Generated Files</Filter>
    </ClCompile>
    <ClCompile Include="debug\moc_plugin.cpp">
      <Filter>Generated Files</Filter>
    </ClCompile>
    <ClCompile Include="release\moc_plugin.cpp">
      <Filter>Generated Files</Filter>
    </ClCompile>
    <ClCompile Include="debug\moc_pluginmanager.cpp">
      <Filter>Generated Files</Filter>
    </ClCompile>
    <ClCompile Include="release\moc_pluginmanager.cpp">
      <Filter>Generated Files</Filter>
    </ClCompile>
  </ItemGroup>
</Project>