<?xml version="1.0" encoding="utf-8"?>
<Project ToolsVersion="4.0" xmlns="http://schemas.microsoft.com/developer/msbuild/2003">
  <ItemGroup>
    <Filter Include="Translation Files">
      <UniqueIdentifier>{639EADAA-A684-42e4-A9AD-28FC9BCB8F7C}</UniqueIdentifier>
      <Extensions>ts;xlf</Extensions>
      <ParseFiles>false</ParseFiles>
    </Filter>
    <Filter Include="Translation Files">
      <UniqueIdentifier>{639EADAA-A684-42e4-A9AD-28FC9BCB8F7C}</UniqueIdentifier>
      <Extensions>ts;xlf</Extensions>
      <ParseFiles>false</ParseFiles>
    </Filter>
  </ItemGroup>
  <ItemGroup>
    <CustomBuild Include="tiled_ar_DZ.ts">
      <Filter>Translation Files</Filter>
    </CustomBuild>
    <CustomBuild Include="tiled_bg.ts">
      <Filter>Translation Files</Filter>
    </CustomBuild>
    <CustomBuild Include="tiled_cs.ts">
      <Filter>Translation Files</Filter>
    </CustomBuild>
    <CustomBuild Include="tiled_de.ts">
      <Filter>Translation Files</Filter>
    </CustomBuild>
    <CustomBuild Include="tiled_en.ts">
      <Filter>Translation Files</Filter>
    </CustomBuild>
    <CustomBuild Include="tiled_es.ts">
      <Filter>Translation Files</Filter>
    </CustomBuild>
    <CustomBuild Include="tiled_fr.ts">
      <Filter>Translation Files</Filter>
    </CustomBuild>
    <CustomBuild Include="tiled_he.ts">
      <Filter>Translation Files</Filter>
    </CustomBuild>
    <CustomBuild Include="tiled_it.ts">
      <Filter>Translation Files</Filter>
    </CustomBuild>
    <CustomBuild Include="tiled_ja.ts">
      <Filter>Translation Files</Filter>
    </CustomBuild>
    <CustomBuild Include="tiled_lv.ts">
      <Filter>Translation Files</Filter>
    </CustomBuild>
    <CustomBuild Include="tiled_nb.ts">
      <Filter>Translation Files</Filter>
    </CustomBuild>
    <CustomBuild Include="tiled_nl.ts">
      <Filter>Translation Files</Filter>
    </CustomBuild>
    <CustomBuild Include="tiled_pl.ts">
      <Filter>Translation Files</Filter>
    </CustomBuild>
    <CustomBuild Include="tiled_pt.ts">
      <Filter>Translation Files</Filter>
    </CustomBuild>
    <CustomBuild Include="tiled_pt_PT.ts">
      <Filter>Translation Files</Filter>
    </CustomBuild>
    <CustomBuild Include="tiled_ru.ts">
      <Filter>Translation Files</Filter>
    </CustomBuild>
    <CustomBuild Include="tiled_tr.ts">
      <Filter>Translation Files</Filter>
    </CustomBuild>
    <CustomBuild Include="tiled_zh.ts">
      <Filter>Translation Files</Filter>
    </CustomBuild>
    <CustomBuild Include="tiled_zh_TW.ts">
      <Filter>Translation Files</Filter>
    </CustomBuild>
  </ItemGroup>
</Project>