Microsoft Visual Studio Solution File, Format Version 12.00
# Visual Studio 2015
Project("{8BC9CEB8-8B4A-11D0-8D11-00A0C91BC942}") = "csv", "D:/Projects/tiled/src/plugins/csv\csv.vcxproj", "{1FC38B51-7081-349C-8319-E22E5419DF1A}"
EndProject
Project("{8BC9CEB8-8B4A-11D0-8D11-00A0C91BC942}") = "droidcraft", "D:/Projects/tiled/src/plugins/droidcraft\droidcraft.vcxproj", "{311856DC-0ECA-3238-A1E8-F5F6A48A8D9A}"
EndProject
Project("{8BC9CEB8-8B4A-11D0-8D11-00A0C91BC942}") = "flare", "D:/Projects/tiled/src/plugins/flare\flare.vcxproj", "{F6B99E24-EF7C-38CF-B54B-9997410EFD0C}"
EndProject
Project("{8BC9CEB8-8B4A-11D0-8D11-00A0C91BC942}") = "json", "D:/Projects/tiled/src/plugins/json\json.vcxproj", "{3F2EF33D-AB0F-33AA-9F5C-6236540AA529}"
EndProject
Project("{8BC9CEB8-8B4A-11D0-8D11-00A0C91BC942}") = "lua", "D:/Projects/tiled/src/plugins/lua\lua.vcxproj", "{B7D32E1B-E8F7-3E77-BD3D-16E8173D60A2}"
EndProject
Project("{8BC9CEB8-8B4A-11D0-8D11-00A0C91BC942}") = "replicaisland", "D:/Projects/tiled/src/plugins/replicaisland\replicaisland.vcxproj", "{87AF7D50-32AE-34EB-8663-FA04DEC207FA}"
EndProject
Project("{8BC9CEB8-8B4A-11D0-8D11-00A0C91BC942}") = "tengine", "D:/Projects/tiled/src/plugins/tengine\tengine.vcxproj", "{7538722A-0163-31C3-90C4-A393CFFE168E}"
EndProject
Project("{8BC9CEB8-8B4A-11D0-8D11-00A0C91BC942}") = "tmw", "D:/Projects/tiled/src/plugins/tmw\tmw.vcxproj", "{06228FED-EED0-3A70-A2CD-B8E33274CE8F}"
EndProject
Global
	GlobalSection(SolutionConfigurationPlatforms) = preSolution
		Debug|x64 = Debug|x64
		Release|x64 = Release|x64
	EndGlobalSection
	GlobalSection(ProjectConfigurationPlatforms) = postSolution
		{1FC38B51-7081-349C-8319-E22E5419DF1A}.Debug|x64.ActiveCfg = Debug|x64
		{1FC38B51-7081-349C-8319-E22E5419DF1A}.Debug|x64.Build.0 = Debug|x64
		{1FC38B51-7081-349C-8319-E22E5419DF1A}.Release|x64.ActiveCfg = Release|x64
		{1FC38B51-7081-349C-8319-E22E5419DF1A}.Release|x64.Build.0 = Release|x64
		{311856DC-0ECA-3238-A1E8-F5F6A48A8D9A}.Debug|x64.ActiveCfg = Debug|x64
		{311856DC-0ECA-3238-A1E8-F5F6A48A8D9A}.Debug|x64.Build.0 = Debug|x64
		{311856DC-0ECA-3238-A1E8-F5F6A48A8D9A}.Release|x64.ActiveCfg = Release|x64
		{311856DC-0ECA-3238-A1E8-F5F6A48A8D9A}.Release|x64.Build.0 = Release|x64
		{F6B99E24-EF7C-38CF-B54B-9997410EFD0C}.Debug|x64.ActiveCfg = Debug|x64
		{F6B99E24-EF7C-38CF-B54B-9997410EFD0C}.Debug|x64.Build.0 = Debug|x64
		{F6B99E24-EF7C-38CF-B54B-9997410EFD0C}.Release|x64.ActiveCfg = Release|x64
		{F6B99E24-EF7C-38CF-B54B-9997410EFD0C}.Release|x64.Build.0 = Release|x64
		{3F2EF33D-AB0F-33AA-9F5C-6236540AA529}.Debug|x64.ActiveCfg = Debug|x64
		{3F2EF33D-AB0F-33AA-9F5C-6236540AA529}.Debug|x64.Build.0 = Debug|x64
		{3F2EF33D-AB0F-33AA-9F5C-6236540AA529}.Release|x64.ActiveCfg = Release|x64
		{3F2EF33D-AB0F-33AA-9F5C-6236540AA529}.Release|x64.Build.0 = Release|x64
		{B7D32E1B-E8F7-3E77-BD3D-16E8173D60A2}.Debug|x64.ActiveCfg = Debug|x64
		{B7D32E1B-E8F7-3E77-BD3D-16E8173D60A2}.Debug|x64.Build.0 = Debug|x64
		{B7D32E1B-E8F7-3E77-BD3D-16E8173D60A2}.Release|x64.ActiveCfg = Release|x64
		{B7D32E1B-E8F7-3E77-BD3D-16E8173D60A2}.Release|x64.Build.0 = Release|x64
		{87AF7D50-32AE-34EB-8663-FA04DEC207FA}.Debug|x64.ActiveCfg = Debug|x64
		{87AF7D50-32AE-34EB-8663-FA04DEC207FA}.Debug|x64.Build.0 = Debug|x64
		{87AF7D50-32AE-34EB-8663-FA04DEC207FA}.Release|x64.ActiveCfg = Release|x64
		{87AF7D50-32AE-34EB-8663-FA04DEC207FA}.Release|x64.Build.0 = Release|x64
		{7538722A-0163-31C3-90C4-A393CFFE168E}.Debug|x64.ActiveCfg = Debug|x64
		{7538722A-0163-31C3-90C4-A393CFFE168E}.Debug|x64.Build.0 = Debug|x64
		{7538722A-0163-31C3-90C4-A393CFFE168E}.Release|x64.ActiveCfg = Release|x64
		{7538722A-0163-31C3-90C4-A393CFFE168E}.Release|x64.Build.0 = Release|x64
		{06228FED-EED0-3A70-A2CD-B8E33274CE8F}.Debug|x64.ActiveCfg = Debug|x64
		{06228FED-EED0-3A70-A2CD-B8E33274CE8F}.Debug|x64.Build.0 = Debug|x64
		{06228FED-EED0-3A70-A2CD-B8E33274CE8F}.Release|x64.ActiveCfg = Release|x64
		{06228FED-EED0-3A70-A2CD-B8E33274CE8F}.Release|x64.Build.0 = Release|x64
	EndGlobalSection
	GlobalSection(ExtensibilityGlobals) = postSolution
	EndGlobalSection
	GlobalSection(ExtensibilityAddIns) = postSolution
	EndGlobalSection
EndGlobal