<?xml version="1.0" encoding="utf-8"?>
<Project ToolsVersion="4.0" xmlns="http://schemas.microsoft.com/developer/msbuild/2003">
  <ItemGroup>
    <Filter Include="Form Files">
      <UniqueIdentifier>{99349809-55BA-4b9d-BF79-8FDBB0286EB3}</UniqueIdentifier>
      <Extensions>ui</Extensions>
      <ParseFiles>false</ParseFiles>
    </Filter>
    <Filter Include="Form Files">
      <UniqueIdentifier>{99349809-55BA-4b9d-BF79-8FDBB0286EB3}</UniqueIdentifier>
      <Extensions>ui</Extensions>
      <ParseFiles>false</ParseFiles>
    </Filter>
    <Filter Include="Generated Files">
      <UniqueIdentifier>{71ED8ED8-ACB9-4CE9-BBE1-E00B30144E11}</UniqueIdentifier>
      <Extensions>cpp;c;cxx;moc;h;def;odl;idl;res;</Extensions>
    </Filter>
    <Filter Include="Generated Files">
      <UniqueIdentifier>{71ED8ED8-ACB9-4CE9-BBE1-E00B30144E11}</UniqueIdentifier>
      <Extensions>cpp;c;cxx;moc;h;def;odl;idl;res;</Extensions>
    </Filter>
    <Filter Include="Header Files">
      <UniqueIdentifier>{93995380-89BD-4b04-88EB-625FBE52EBFB}</UniqueIdentifier>
      <Extensions>h;hpp;hxx;hm;inl;inc;xsd</Extensions>
    </Filter>
    <Filter Include="Header Files">
      <UniqueIdentifier>{93995380-89BD-4b04-88EB-625FBE52EBFB}</UniqueIdentifier>
      <Extensions>h;hpp;hxx;hm;inl;inc;xsd</Extensions>
    </Filter>
    <Filter Include="Resource Files">
      <UniqueIdentifier>{D9D6E242-F8AF-46E4-B9FD-80ECBC20BA3E}</UniqueIdentifier>
      <Extensions>qrc;*</Extensions>
      <ParseFiles>false</ParseFiles>
    </Filter>
    <Filter Include="Resource Files">
      <UniqueIdentifier>{D9D6E242-F8AF-46E4-B9FD-80ECBC20BA3E}</UniqueIdentifier>
      <Extensions>qrc;*</Extensions>
      <ParseFiles>false</ParseFiles>
    </Filter>
    <Filter Include="Source Files">
      <UniqueIdentifier>{4FC737F1-C7A5-4376-A066-2A32D752A2FF}</UniqueIdentifier>
      <Extensions>cpp;c;cxx;def;odl;idl;hpj;bat;asm;asmx</Extensions>
    </Filter>
    <Filter Include="Source Files">
      <UniqueIdentifier>{4FC737F1-C7A5-4376-A066-2A32D752A2FF}</UniqueIdentifier>
      <Extensions>cpp;c;cxx;def;odl;idl;hpj;bat;asm;asmx</Extensions>
    </Filter>
  </ItemGroup>
  <ItemGroup>
    <ClCompile Include="aboutdialog.cpp">
      <Filter>Source Files</Filter>
    </ClCompile>
    <ClCompile Include="abstractobjecttool.cpp">
      <Filter>Source Files</Filter>
    </ClCompile>
    <ClCompile Include="abstracttiletool.cpp">
      <Filter>Source Files</Filter>
    </ClCompile>
    <ClCompile Include="abstracttool.cpp">
      <Filter>Source Files</Filter>
    </ClCompile>
    <ClCompile Include="addpropertydialog.cpp">
      <Filter>Source Files</Filter>
    </ClCompile>
    <ClCompile Include="addremovelayer.cpp">
      <Filter>Source Files</Filter>
    </ClCompile>
    <ClCompile Include="addremovemapobject.cpp">
      <Filter>Source Files</Filter>
    </ClCompile>
    <ClCompile Include="addremoveterrain.cpp">
      <Filter>Source Files</Filter>
    </ClCompile>
    <ClCompile Include="addremovetiles.cpp">
      <Filter>Source Files</Filter>
    </ClCompile>
    <ClCompile Include="addremovetileset.cpp">
      <Filter>Source Files</Filter>
    </ClCompile>
    <ClCompile Include="adjusttileindexes.cpp">
      <Filter>Source Files</Filter>
    </ClCompile>
    <ClCompile Include="automapper.cpp">
      <Filter>Source Files</Filter>
    </ClCompile>
    <ClCompile Include="automapperwrapper.cpp">
      <Filter>Source Files</Filter>
    </ClCompile>
    <ClCompile Include="automappingmanager.cpp">
      <Filter>Source Files</Filter>
    </ClCompile>
    <ClCompile Include="automappingutils.cpp">
      <Filter>Source Files</Filter>
    </ClCompile>
    <ClCompile Include="autoupdater.cpp">
      <Filter>Source Files</Filter>
    </ClCompile>
    <ClCompile Include="brokenlinks.cpp">
      <Filter>Source Files</Filter>
    </ClCompile>
    <ClCompile Include="brushitem.cpp">
      <Filter>Source Files</Filter>
    </ClCompile>
    <ClCompile Include="bucketfilltool.cpp">
      <Filter>Source Files</Filter>
    </ClCompile>
    <ClCompile Include="changeimagelayerposition.cpp">
      <Filter>Source Files</Filter>
    </ClCompile>
    <ClCompile Include="changeimagelayerproperties.cpp">
      <Filter>Source Files</Filter>
    </ClCompile>
    <ClCompile Include="changelayer.cpp">
      <Filter>Source Files</Filter>
    </ClCompile>
    <ClCompile Include="changemapobject.cpp">
      <Filter>Source Files</Filter>
    </ClCompile>
    <ClCompile Include="changemapobjectsorder.cpp">
      <Filter>Source Files</Filter>
    </ClCompile>
    <ClCompile Include="changemapproperty.cpp">
      <Filter>Source Files</Filter>
    </ClCompile>
    <ClCompile Include="changeobjectgroupproperties.cpp">
      <Filter>Source Files</Filter>
    </ClCompile>
    <ClCompile Include="changepolygon.cpp">
      <Filter>Source Files</Filter>
    </ClCompile>
    <ClCompile Include="changeproperties.cpp">
      <Filter>Source Files</Filter>
    </ClCompile>
    <ClCompile Include="changeselectedarea.cpp">
      <Filter>Source Files</Filter>
    </ClCompile>
    <ClCompile Include="changetileanimation.cpp">
      <Filter>Source Files</Filter>
    </ClCompile>
    <ClCompile Include="changetileimagesource.cpp">
      <Filter>Source Files</Filter>
    </ClCompile>
    <ClCompile Include="changetileobjectgroup.cpp">
      <Filter>Source Files</Filter>
    </ClCompile>
    <ClCompile Include="changetileprobability.cpp">
      <Filter>Source Files</Filter>
    </ClCompile>
    <ClCompile Include="changetileterrain.cpp">
      <Filter>Source Files</Filter>
    </ClCompile>
    <ClCompile Include="clipboardmanager.cpp">
      <Filter>Source Files</Filter>
    </ClCompile>
    <ClCompile Include="colorbutton.cpp">
      <Filter>Source Files</Filter>
    </ClCompile>
    <ClCompile Include="command.cpp">
      <Filter>Source Files</Filter>
    </ClCompile>
    <ClCompile Include="commandbutton.cpp">
      <Filter>Source Files</Filter>
    </ClCompile>
    <ClCompile Include="commanddatamodel.cpp">
      <Filter>Source Files</Filter>
    </ClCompile>
    <ClCompile Include="commanddialog.cpp">
      <Filter>Source Files</Filter>
    </ClCompile>
    <ClCompile Include="commandlineparser.cpp">
      <Filter>Source Files</Filter>
    </ClCompile>
    <ClCompile Include="consoledock.cpp">
      <Filter>Source Files</Filter>
    </ClCompile>
    <ClCompile Include="createellipseobjecttool.cpp">
      <Filter>Source Files</Filter>
    </ClCompile>
    <ClCompile Include="createmultipointobjecttool.cpp">
      <Filter>Source Files</Filter>
    </ClCompile>
    <ClCompile Include="createobjecttool.cpp">
      <Filter>Source Files</Filter>
    </ClCompile>
    <ClCompile Include="createpolygonobjecttool.cpp">
      <Filter>Source Files</Filter>
    </ClCompile>
    <ClCompile Include="createpolylineobjecttool.cpp">
      <Filter>Source Files</Filter>
    </ClCompile>
    <ClCompile Include="createrectangleobjecttool.cpp">
      <Filter>Source Files</Filter>
    </ClCompile>
    <ClCompile Include="createscalableobjecttool.cpp">
      <Filter>Source Files</Filter>
    </ClCompile>
    <ClCompile Include="createtileobjecttool.cpp">
      <Filter>Source Files</Filter>
    </ClCompile>
    <ClCompile Include="documentmanager.cpp">
      <Filter>Source Files</Filter>
    </ClCompile>
    <ClCompile Include="editpolygontool.cpp">
      <Filter>Source Files</Filter>
    </ClCompile>
    <ClCompile Include="editterraindialog.cpp">
      <Filter>Source Files</Filter>
    </ClCompile>
    <ClCompile Include="eraser.cpp">
      <Filter>Source Files</Filter>
    </ClCompile>
    <ClCompile Include="erasetiles.cpp">
      <Filter>Source Files</Filter>
    </ClCompile>
    <ClCompile Include="exportasimagedialog.cpp">
      <Filter>Source Files</Filter>
    </ClCompile>
    <ClCompile Include="fileedit.cpp">
      <Filter>Source Files</Filter>
    </ClCompile>
    <ClCompile Include="filesystemwatcher.cpp">
      <Filter>Source Files</Filter>
    </ClCompile>
    <ClCompile Include="flexiblescrollbar.cpp">
      <Filter>Source Files</Filter>
    </ClCompile>
    <ClCompile Include="flipmapobjects.cpp">
      <Filter>Source Files</Filter>
    </ClCompile>
    <ClCompile Include="geometry.cpp">
      <Filter>Source Files</Filter>
    </ClCompile>
    <ClCompile Include="imagelayeritem.cpp">
      <Filter>Source Files</Filter>
    </ClCompile>
    <ClCompile Include="languagemanager.cpp">
      <Filter>Source Files</Filter>
    </ClCompile>
    <ClCompile Include="layerdock.cpp">
      <Filter>Source Files</Filter>
    </ClCompile>
    <ClCompile Include="layermodel.cpp">
      <Filter>Source Files</Filter>
    </ClCompile>
    <ClCompile Include="layeroffsettool.cpp">
      <Filter>Source Files</Filter>
    </ClCompile>
    <ClCompile Include="magicwandtool.cpp">
      <Filter>Source Files</Filter>
    </ClCompile>
    <ClCompile Include="main.cpp">
      <Filter>Source Files</Filter>
    </ClCompile>
    <ClCompile Include="mainwindow.cpp">
      <Filter>Source Files</Filter>
    </ClCompile>
    <ClCompile Include="mapdocument.cpp">
      <Filter>Source Files</Filter>
    </ClCompile>
    <ClCompile Include="mapdocumentactionhandler.cpp">
      <Filter>Source Files</Filter>
    </ClCompile>
    <ClCompile Include="mapobjectitem.cpp">
      <Filter>Source Files</Filter>
    </ClCompile>
    <ClCompile Include="mapobjectmodel.cpp">
      <Filter>Source Files</Filter>
    </ClCompile>
    <ClCompile Include="mapscene.cpp">
      <Filter>Source Files</Filter>
    </ClCompile>
    <ClCompile Include="mapsdock.cpp">
      <Filter>Source Files</Filter>
    </ClCompile>
    <ClCompile Include="mapview.cpp">
      <Filter>Source Files</Filter>
    </ClCompile>
    <ClCompile Include="minimap.cpp">
      <Filter>Source Files</Filter>
    </ClCompile>
    <ClCompile Include="minimapdock.cpp">
      <Filter>Source Files</Filter>
    </ClCompile>
    <ClCompile Include="movabletabwidget.cpp">
      <Filter>Source Files</Filter>
    </ClCompile>
    <ClCompile Include="movelayer.cpp">
      <Filter>Source Files</Filter>
    </ClCompile>
    <ClCompile Include="movemapobject.cpp">
      <Filter>Source Files</Filter>
    </ClCompile>
    <ClCompile Include="movemapobjecttogroup.cpp">
      <Filter>Source Files</Filter>
    </ClCompile>
    <ClCompile Include="movetileset.cpp">
      <Filter>Source Files</Filter>
    </ClCompile>
    <ClCompile Include="newmapdialog.cpp">
      <Filter>Source Files</Filter>
    </ClCompile>
    <ClCompile Include="newtilesetdialog.cpp">
      <Filter>Source Files</Filter>
    </ClCompile>
    <ClCompile Include="objectgroupitem.cpp">
      <Filter>Source Files</Filter>
    </ClCompile>
    <ClCompile Include="objectsdock.cpp">
      <Filter>Source Files</Filter>
    </ClCompile>
    <ClCompile Include="objectselectionitem.cpp">
      <Filter>Source Files</Filter>
    </ClCompile>
    <ClCompile Include="objectselectiontool.cpp">
      <Filter>Source Files</Filter>
    </ClCompile>
    <ClCompile Include="objecttypes.cpp">
      <Filter>Source Files</Filter>
    </ClCompile>
    <ClCompile Include="objecttypeseditor.cpp">
      <Filter>Source Files</Filter>
    </ClCompile>
    <ClCompile Include="objecttypesmodel.cpp">
      <Filter>Source Files</Filter>
    </ClCompile>
    <ClCompile Include="offsetlayer.cpp">
      <Filter>Source Files</Filter>
    </ClCompile>
    <ClCompile Include="offsetmapdialog.cpp">
      <Filter>Source Files</Filter>
    </ClCompile>
    <ClCompile Include="painttilelayer.cpp">
      <Filter>Source Files</Filter>
    </ClCompile>
    <ClCompile Include="patreondialog.cpp">
      <Filter>Source Files</Filter>
    </ClCompile>
    <ClCompile Include="pluginlistmodel.cpp">
      <Filter>Source Files</Filter>
    </ClCompile>
    <ClCompile Include="preferences.cpp">
      <Filter>Source Files</Filter>
    </ClCompile>
    <ClCompile Include="preferencesdialog.cpp">
      <Filter>Source Files</Filter>
    </ClCompile>
    <ClCompile Include="propertiesdock.cpp">
      <Filter>Source Files</Filter>
    </ClCompile>
    <ClCompile Include="propertybrowser.cpp">
      <Filter>Source Files</Filter>
    </ClCompile>
    <ClCompile Include="..\qtpropertybrowser\src\qtbuttonpropertybrowser.cpp">
      <Filter>Source Files</Filter>
    </ClCompile>
    <ClCompile Include="..\qtpropertybrowser\src\qteditorfactory.cpp">
      <Filter>Source Files</Filter>
    </ClCompile>
    <ClCompile Include="..\qtpropertybrowser\src\qtgroupboxpropertybrowser.cpp">
      <Filter>Source Files</Filter>
    </ClCompile>
    <ClCompile Include="..\qtsingleapplication\src\qtlocalpeer.cpp">
      <Filter>Source Files</Filter>
    </ClCompile>
    <ClCompile Include="..\qtpropertybrowser\src\qtpropertybrowser.cpp">
      <Filter>Source Files</Filter>
    </ClCompile>
    <ClCompile Include="..\qtpropertybrowser\src\qtpropertybrowserutils.cpp">
      <Filter>Source Files</Filter>
    </ClCompile>
    <ClCompile Include="..\qtpropertybrowser\src\qtpropertymanager.cpp">
      <Filter>Source Files</Filter>
    </ClCompile>
    <ClCompile Include="..\qtsingleapplication\src\qtsingleapplication.cpp">
      <Filter>Source Files</Filter>
    </ClCompile>
    <ClCompile Include="..\qtpropertybrowser\src\qttreepropertybrowser.cpp">
      <Filter>Source Files</Filter>
    </ClCompile>
    <ClCompile Include="..\qtpropertybrowser\src\qtvariantproperty.cpp">
      <Filter>Source Files</Filter>
    </ClCompile>
    <ClCompile Include="raiselowerhelper.cpp">
      <Filter>Source Files</Filter>
    </ClCompile>
    <ClCompile Include="renamelayer.cpp">
      <Filter>Source Files</Filter>
    </ClCompile>
    <ClCompile Include="renameterrain.cpp">
      <Filter>Source Files</Filter>
    </ClCompile>
    <ClCompile Include="replacetileset.cpp">
      <Filter>Source Files</Filter>
    </ClCompile>
    <ClCompile Include="resizedialog.cpp">
      <Filter>Source Files</Filter>
    </ClCompile>
    <ClCompile Include="resizehelper.cpp">
      <Filter>Source Files</Filter>
    </ClCompile>
    <ClCompile Include="resizemap.cpp">
      <Filter>Source Files</Filter>
    </ClCompile>
    <ClCompile Include="resizemapobject.cpp">
      <Filter>Source Files</Filter>
    </ClCompile>
    <ClCompile Include="resizetilelayer.cpp">
      <Filter>Source Files</Filter>
    </ClCompile>
    <ClCompile Include="rotatemapobject.cpp">
      <Filter>Source Files</Filter>
    </ClCompile>
    <ClCompile Include="selectionrectangle.cpp">
      <Filter>Source Files</Filter>
    </ClCompile>
    <ClCompile Include="selectsametiletool.cpp">
      <Filter>Source Files</Filter>
    </ClCompile>
    <ClCompile Include="snaphelper.cpp">
      <Filter>Source Files</Filter>
    </ClCompile>
    <ClCompile Include="stampbrush.cpp">
      <Filter>Source Files</Filter>
    </ClCompile>
    <ClCompile Include="standardautoupdater.cpp">
      <Filter>Source Files</Filter>
    </ClCompile>
    <ClCompile Include="terrainbrush.cpp">
      <Filter>Source Files</Filter>
    </ClCompile>
    <ClCompile Include="terraindock.cpp">
      <Filter>Source Files</Filter>
    </ClCompile>
    <ClCompile Include="terrainmodel.cpp">
      <Filter>Source Files</Filter>
    </ClCompile>
    <ClCompile Include="terrainview.cpp">
      <Filter>Source Files</Filter>
    </ClCompile>
    <ClCompile Include="texteditordialog.cpp">
      <Filter>Source Files</Filter>
    </ClCompile>
    <ClCompile Include="textpropertyedit.cpp">
      <Filter>Source Files</Filter>
    </ClCompile>
    <ClCompile Include="thumbnailrenderer.cpp">
      <Filter>Source Files</Filter>
    </ClCompile>
    <ClCompile Include="tileanimationdriver.cpp">
      <Filter>Source Files</Filter>
    </ClCompile>
    <ClCompile Include="tileanimationeditor.cpp">
      <Filter>Source Files</Filter>
    </ClCompile>
    <ClCompile Include="tilecollisioneditor.cpp">
      <Filter>Source Files</Filter>
    </ClCompile>
    <ClCompile Include="tiledapplication.cpp">
      <Filter>Source Files</Filter>
    </ClCompile>
    <ClCompile Include="tilelayeritem.cpp">
      <Filter>Source Files</Filter>
    </ClCompile>
    <ClCompile Include="tilepainter.cpp">
      <Filter>Source Files</Filter>
    </ClCompile>
    <ClCompile Include="tileselectionitem.cpp">
      <Filter>Source Files</Filter>
    </ClCompile>
    <ClCompile Include="tileselectiontool.cpp">
      <Filter>Source Files</Filter>
    </ClCompile>
    <ClCompile Include="tilesetchanges.cpp">
      <Filter>Source Files</Filter>
    </ClCompile>
    <ClCompile Include="tilesetdock.cpp">
      <Filter>Source Files</Filter>
    </ClCompile>
    <ClCompile Include="tilesetmanager.cpp">
      <Filter>Source Files</Filter>
    </ClCompile>
    <ClCompile Include="tilesetmodel.cpp">
      <Filter>Source Files</Filter>
    </ClCompile>
    <ClCompile Include="tilesetparametersedit.cpp">
      <Filter>Source Files</Filter>
    </ClCompile>
    <ClCompile Include="tilesetview.cpp">
      <Filter>Source Files</Filter>
    </ClCompile>
    <ClCompile Include="tilestamp.cpp">
      <Filter>Source Files</Filter>
    </ClCompile>
    <ClCompile Include="tilestampmanager.cpp">
      <Filter>Source Files</Filter>
    </ClCompile>
    <ClCompile Include="tilestampmodel.cpp">
      <Filter>Source Files</Filter>
    </ClCompile>
    <ClCompile Include="tilestampsdock.cpp">
      <Filter>Source Files</Filter>
    </ClCompile>
    <ClCompile Include="tmxmapformat.cpp">
      <Filter>Source Files</Filter>
    </ClCompile>
    <ClCompile Include="toolmanager.cpp">
      <Filter>Source Files</Filter>
    </ClCompile>
    <ClCompile Include="undodock.cpp">
      <Filter>Source Files</Filter>
    </ClCompile>
    <ClCompile Include="utils.cpp">
      <Filter>Source Files</Filter>
    </ClCompile>
    <ClCompile Include="varianteditorfactory.cpp">
      <Filter>Source Files</Filter>
    </ClCompile>
    <ClCompile Include="variantpropertymanager.cpp">
      <Filter>Source Files</Filter>
    </ClCompile>
    <ClCompile Include="zoomable.cpp">
      <Filter>Source Files</Filter>
    </ClCompile>
  </ItemGroup>
  <ItemGroup>
    <CustomBuild Include="aboutdialog.h">
      <Filter>Header Files</Filter>
    </CustomBuild>
    <CustomBuild Include="abstractobjecttool.h">
      <Filter>Header Files</Filter>
    </CustomBuild>
    <CustomBuild Include="abstracttiletool.h">
      <Filter>Header Files</Filter>
    </CustomBuild>
    <CustomBuild Include="abstracttool.h">
      <Filter>Header Files</Filter>
    </CustomBuild>
    <CustomBuild Include="addpropertydialog.h">
      <Filter>Header Files</Filter>
    </CustomBuild>
    <ClInclude Include="addremovelayer.h">
      <Filter>Header Files</Filter>
    </ClInclude>
    <ClInclude Include="addremovemapobject.h">
      <Filter>Header Files</Filter>
    </ClInclude>
    <ClInclude Include="addremoveterrain.h">
      <Filter>Header Files</Filter>
    </ClInclude>
    <ClInclude Include="addremovetiles.h">
      <Filter>Header Files</Filter>
    </ClInclude>
    <ClInclude Include="addremovetileset.h">
      <Filter>Header Files</Filter>
    </ClInclude>
    <ClInclude Include="adjusttileindexes.h">
      <Filter>Header Files</Filter>
    </ClInclude>
    <CustomBuild Include="automapper.h">
      <Filter>Header Files</Filter>
    </CustomBuild>
    <ClInclude Include="automapperwrapper.h">
      <Filter>Header Files</Filter>
    </ClInclude>
    <CustomBuild Include="automappingmanager.h">
      <Filter>Header Files</Filter>
    </CustomBuild>
    <ClInclude Include="automappingutils.h">
      <Filter>Header Files</Filter>
    </ClInclude>
    <ClInclude Include="autoupdater.h">
      <Filter>Header Files</Filter>
    </ClInclude>
    <CustomBuild Include="brokenlinks.h">
      <Filter>Header Files</Filter>
    </CustomBuild>
    <ClInclude Include="brushitem.h">
      <Filter>Header Files</Filter>
    </ClInclude>
    <CustomBuild Include="bucketfilltool.h">
      <Filter>Header Files</Filter>
    </CustomBuild>
    <ClInclude Include="changeimagelayerposition.h">
      <Filter>Header Files</Filter>
    </ClInclude>
    <ClInclude Include="changeimagelayerproperties.h">
      <Filter>Header Files</Filter>
    </ClInclude>
    <ClInclude Include="changelayer.h">
      <Filter>Header Files</Filter>
    </ClInclude>
    <ClInclude Include="changemapobject.h">
      <Filter>Header Files</Filter>
    </ClInclude>
    <ClInclude Include="changemapobjectsorder.h">
      <Filter>Header Files</Filter>
    </ClInclude>
    <ClInclude Include="changemapproperty.h">
      <Filter>Header Files</Filter>
    </ClInclude>
    <ClInclude Include="changeobjectgroupproperties.h">
      <Filter>Header Files</Filter>
    </ClInclude>
    <ClInclude Include="changepolygon.h">
      <Filter>Header Files</Filter>
    </ClInclude>
    <ClInclude Include="changeproperties.h">
      <Filter>Header Files</Filter>
    </ClInclude>
    <ClInclude Include="changeselectedarea.h">
      <Filter>Header Files</Filter>
    </ClInclude>
    <ClInclude Include="changetileanimation.h">
      <Filter>Header Files</Filter>
    </ClInclude>
    <ClInclude Include="changetileimagesource.h">
      <Filter>Header Files</Filter>
    </ClInclude>
    <ClInclude Include="changetileobjectgroup.h">
      <Filter>Header Files</Filter>
    </ClInclude>
    <ClInclude Include="changetileprobability.h">
      <Filter>Header Files</Filter>
    </ClInclude>
    <ClInclude Include="changetileterrain.h">
      <Filter>Header Files</Filter>
    </ClInclude>
    <CustomBuild Include="clipboardmanager.h">
      <Filter>Header Files</Filter>
    </CustomBuild>
    <CustomBuild Include="colorbutton.h">
      <Filter>Header Files</Filter>
    </CustomBuild>
    <CustomBuild Include="command.h">
      <Filter>Header Files</Filter>
    </CustomBuild>
    <CustomBuild Include="commandbutton.h">
      <Filter>Header Files</Filter>
    </CustomBuild>
    <CustomBuild Include="commanddatamodel.h">
      <Filter>Header Files</Filter>
    </CustomBuild>
    <CustomBuild Include="commanddialog.h">
      <Filter>Header Files</Filter>
    </CustomBuild>
    <ClInclude Include="commandlineparser.h">
      <Filter>Header Files</Filter>
    </ClInclude>
    <CustomBuild Include="consoledock.h">
      <Filter>Header Files</Filter>
    </CustomBuild>
    <ClInclude Include="containerhelpers.h">
      <Filter>Header Files</Filter>
    </ClInclude>
    <CustomBuild Include="createellipseobjecttool.h">
      <Filter>Header Files</Filter>
    </CustomBuild>
    <CustomBuild Include="createmultipointobjecttool.h">
      <Filter>Header Files</Filter>
    </CustomBuild>
    <CustomBuild Include="createobjecttool.h">
      <Filter>Header Files</Filter>
    </CustomBuild>
    <CustomBuild Include="createpolygonobjecttool.h">
      <Filter>Header Files</Filter>
    </CustomBuild>
    <CustomBuild Include="createpolylineobjecttool.h">
      <Filter>Header Files</Filter>
    </CustomBuild>
    <CustomBuild Include="createrectangleobjecttool.h">
      <Filter>Header Files</Filter>
    </CustomBuild>
    <CustomBuild Include="createscalableobjecttool.h">
      <Filter>Header Files</Filter>
    </CustomBuild>
    <CustomBuild Include="createtileobjecttool.h">
      <Filter>Header Files</Filter>
    </CustomBuild>
    <CustomBuild Include="documentmanager.h">
      <Filter>Header Files</Filter>
    </CustomBuild>
    <CustomBuild Include="editpolygontool.h">
      <Filter>Header Files</Filter>
    </CustomBuild>
    <CustomBuild Include="editterraindialog.h">
      <Filter>Header Files</Filter>
    </CustomBuild>
    <CustomBuild Include="eraser.h">
      <Filter>Header Files</Filter>
    </CustomBuild>
    <ClInclude Include="erasetiles.h">
      <Filter>Header Files</Filter>
    </ClInclude>
    <CustomBuild Include="exportasimagedialog.h">
      <Filter>Header Files</Filter>
    </CustomBuild>
    <CustomBuild Include="fileedit.h">
      <Filter>Header Files</Filter>
    </CustomBuild>
    <CustomBuild Include="filesystemwatcher.h">
      <Filter>Header Files</Filter>
    </CustomBuild>
    <CustomBuild Include="flexiblescrollbar.h">
      <Filter>Header Files</Filter>
    </CustomBuild>
    <ClInclude Include="flipmapobjects.h">
      <Filter>Header Files</Filter>
    </ClInclude>
    <ClInclude Include="geometry.h">
      <Filter>Header Files</Filter>
    </ClInclude>
    <ClInclude Include="imagelayeritem.h">
      <Filter>Header Files</Filter>
    </ClInclude>
    <ClInclude Include="languagemanager.h">
      <Filter>Header Files</Filter>
    </ClInclude>
    <CustomBuild Include="layerdock.h">
      <Filter>Header Files</Filter>
    </CustomBuild>
    <CustomBuild Include="layermodel.h">
      <Filter>Header Files</Filter>
    </CustomBuild>
    <CustomBuild Include="layeroffsettool.h">
      <Filter>Header Files</Filter>
    </CustomBuild>
    <ClInclude Include="macsupport.h">
      <Filter>Header Files</Filter>
    </ClInclude>
    <CustomBuild Include="magicwandtool.h">
      <Filter>Header Files</Filter>
    </CustomBuild>
    <CustomBuild Include="mainwindow.h">
      <Filter>Header Files</Filter>
    </CustomBuild>
    <CustomBuild Include="mapdocument.h">
      <Filter>Header Files</Filter>
    </CustomBuild>
    <CustomBuild Include="mapdocumentactionhandler.h">
      <Filter>Header Files</Filter>
    </CustomBuild>
    <ClInclude Include="mapobjectitem.h">
      <Filter>Header Files</Filter>
    </ClInclude>
    <CustomBuild Include="mapobjectmodel.h">
      <Filter>Header Files</Filter>
    </CustomBuild>
    <CustomBuild Include="mapscene.h">
      <Filter>Header Files</Filter>
    </CustomBuild>
    <CustomBuild Include="mapsdock.h">
      <Filter>Header Files</Filter>
    </CustomBuild>
    <CustomBuild Include="mapview.h">
      <Filter>Header Files</Filter>
    </CustomBuild>
    <CustomBuild Include="minimap.h">
      <Filter>Header Files</Filter>
    </CustomBuild>
    <CustomBuild Include="minimapdock.h">
      <Filter>Header Files</Filter>
    </CustomBuild>
    <CustomBuild Include="movabletabwidget.h">
      <Filter>Header Files</Filter>
    </CustomBuild>
    <ClInclude Include="movelayer.h">
      <Filter>Header Files</Filter>
    </ClInclude>
    <ClInclude Include="movemapobject.h">
      <Filter>Header Files</Filter>
    </ClInclude>
    <ClInclude Include="movemapobjecttogroup.h">
      <Filter>Header Files</Filter>
    </ClInclude>
    <ClInclude Include="movetileset.h">
      <Filter>Header Files</Filter>
    </ClInclude>
    <CustomBuild Include="newmapdialog.h">
      <Filter>Header Files</Filter>
    </CustomBuild>
    <CustomBuild Include="newtilesetdialog.h">
      <Filter>Header Files</Filter>
    </CustomBuild>
    <ClInclude Include="objectgroupitem.h">
      <Filter>Header Files</Filter>
    </ClInclude>
    <CustomBuild Include="objectsdock.h">
      <Filter>Header Files</Filter>
    </CustomBuild>
    <CustomBuild Include="objectselectionitem.h">
      <Filter>Header Files</Filter>
    </CustomBuild>
    <CustomBuild Include="objectselectiontool.h">
      <Filter>Header Files</Filter>
    </CustomBuild>
    <ClInclude Include="objecttypes.h">
      <Filter>Header Files</Filter>
    </ClInclude>
    <CustomBuild Include="objecttypeseditor.h">
      <Filter>Header Files</Filter>
    </CustomBuild>
    <CustomBuild Include="objecttypesmodel.h">
      <Filter>Header Files</Filter>
    </CustomBuild>
    <ClInclude Include="offsetlayer.h">
      <Filter>Header Files</Filter>
    </ClInclude>
    <CustomBuild Include="offsetmapdialog.h">
      <Filter>Header Files</Filter>
    </CustomBuild>
    <ClInclude Include="painttilelayer.h">
      <Filter>Header Files</Filter>
    </ClInclude>
    <CustomBuild Include="patreondialog.h">
      <Filter>Header Files</Filter>
    </CustomBuild>
    <CustomBuild Include="pch.h">
      <Filter>Header Files</Filter>
    </CustomBuild>
    <CustomBuild Include="pluginlistmodel.h">
      <Filter>Header Files</Filter>
    </CustomBuild>
    <CustomBuild Include="preferences.h">
      <Filter>Header Files</Filter>
    </CustomBuild>
    <CustomBuild Include="preferencesdialog.h">
      <Filter>Header Files</Filter>
    </CustomBuild>
    <CustomBuild Include="propertiesdock.h">
      <Filter>Header Files</Filter>
    </CustomBuild>
    <CustomBuild Include="propertybrowser.h">
      <Filter>Header Files</Filter>
    </CustomBuild>
    <CustomBuild Include="..\qtpropertybrowser\src\qtbuttonpropertybrowser.h">
      <Filter>Header Files</Filter>
    </CustomBuild>
    <CustomBuild Include="..\qtpropertybrowser\src\qteditorfactory.h">
      <Filter>Header Files</Filter>
    </CustomBuild>
    <CustomBuild Include="..\qtpropertybrowser\src\qtgroupboxpropertybrowser.h">
      <Filter>Header Files</Filter>
    </CustomBuild>
    <CustomBuild Include="..\qtsingleapplication\src\qtlocalpeer.h">
      <Filter>Header Files</Filter>
    </CustomBuild>
    <CustomBuild Include="..\qtpropertybrowser\src\qtpropertybrowser.h">
      <Filter>Header Files</Filter>
    </CustomBuild>
    <CustomBuild Include="..\qtpropertybrowser\src\qtpropertybrowserutils_p.h">
      <Filter>Header Files</Filter>
    </CustomBuild>
    <CustomBuild Include="..\qtpropertybrowser\src\qtpropertymanager.h">
      <Filter>Header Files</Filter>
    </CustomBuild>
    <CustomBuild Include="..\qtsingleapplication\src\qtsingleapplication.h">
      <Filter>Header Files</Filter>
    </CustomBuild>
    <CustomBuild Include="..\qtpropertybrowser\src\qttreepropertybrowser.h">
      <Filter>Header Files</Filter>
    </CustomBuild>
    <CustomBuild Include="..\qtpropertybrowser\src\qtvariantproperty.h">
      <Filter>Header Files</Filter>
    </CustomBuild>
    <ClInclude Include="raiselowerhelper.h">
      <Filter>Header Files</Filter>
    </ClInclude>
    <ClInclude Include="randompicker.h">
      <Filter>Header Files</Filter>
    </ClInclude>
    <ClInclude Include="rangeset.h">
      <Filter>Header Files</Filter>
    </ClInclude>
    <ClInclude Include="renamelayer.h">
      <Filter>Header Files</Filter>
    </ClInclude>
    <ClInclude Include="renameterrain.h">
      <Filter>Header Files</Filter>
    </ClInclude>
    <ClInclude Include="replacetileset.h">
      <Filter>Header Files</Filter>
    </ClInclude>
    <CustomBuild Include="resizedialog.h">
      <Filter>Header Files</Filter>
    </CustomBuild>
    <CustomBuild Include="resizehelper.h">
      <Filter>Header Files</Filter>
    </CustomBuild>
    <ClInclude Include="resizemap.h">
      <Filter>Header Files</Filter>
    </ClInclude>
    <ClInclude Include="resizemapobject.h">
      <Filter>Header Files</Filter>
    </ClInclude>
    <ClInclude Include="resizetilelayer.h">
      <Filter>Header Files</Filter>
    </ClInclude>
    <ClInclude Include="rotatemapobject.h">
      <Filter>Header Files</Filter>
    </ClInclude>
    <ClInclude Include="selectionrectangle.h">
      <Filter>Header Files</Filter>
    </ClInclude>
    <CustomBuild Include="selectsametiletool.h">
      <Filter>Header Files</Filter>
    </CustomBuild>
    <ClInclude Include="snaphelper.h">
      <Filter>Header Files</Filter>
    </ClInclude>
    <ClInclude Include="sparkleautoupdater.h">
      <Filter>Header Files</Filter>
    </ClInclude>
    <CustomBuild Include="stampbrush.h">
      <Filter>Header Files</Filter>
    </CustomBuild>
    <ClInclude Include="standardautoupdater.h">
      <Filter>Header Files</Filter>
    </ClInclude>
    <CustomBuild Include="terrainbrush.h">
      <Filter>Header Files</Filter>
    </CustomBuild>
    <CustomBuild Include="terraindock.h">
      <Filter>Header Files</Filter>
    </CustomBuild>
    <CustomBuild Include="terrainmodel.h">
      <Filter>Header Files</Filter>
    </CustomBuild>
    <CustomBuild Include="terrainview.h">
      <Filter>Header Files</Filter>
    </CustomBuild>
    <CustomBuild Include="texteditordialog.h">
      <Filter>Header Files</Filter>
    </CustomBuild>
    <CustomBuild Include="textpropertyedit.h">
      <Filter>Header Files</Filter>
    </CustomBuild>
    <ClInclude Include="thumbnailrenderer.h">
      <Filter>Header Files</Filter>
    </ClInclude>
    <CustomBuild Include="tileanimationdriver.h">
      <Filter>Header Files</Filter>
    </CustomBuild>
    <CustomBuild Include="tileanimationeditor.h">
      <Filter>Header Files</Filter>
    </CustomBuild>
    <CustomBuild Include="tilecollisioneditor.h">
      <Filter>Header Files</Filter>
    </CustomBuild>
    <CustomBuild Include="tiledapplication.h">
      <Filter>Header Files</Filter>
    </CustomBuild>
    <ClInclude Include="tilelayeritem.h">
      <Filter>Header Files</Filter>
    </ClInclude>
    <ClInclude Include="tilepainter.h">
      <Filter>Header Files</Filter>
    </ClInclude>
    <CustomBuild Include="tileselectionitem.h">
      <Filter>Header Files</Filter>
    </CustomBuild>
    <CustomBuild Include="tileselectiontool.h">
      <Filter>Header Files</Filter>
    </CustomBuild>
    <ClInclude Include="tilesetchanges.h">
      <Filter>Header Files</Filter>
    </ClInclude>
    <CustomBuild Include="tilesetdock.h">
      <Filter>Header Files</Filter>
    </CustomBuild>
    <CustomBuild Include="tilesetmanager.h">
      <Filter>Header Files</Filter>
    </CustomBuild>
    <CustomBuild Include="tilesetmodel.h">
      <Filter>Header Files</Filter>
    </CustomBuild>
    <CustomBuild Include="tilesetparametersedit.h">
      <Filter>Header Files</Filter>
    </CustomBuild>
    <CustomBuild Include="tilesetview.h">
      <Filter>Header Files</Filter>
    </CustomBuild>
    <ClInclude Include="tilestamp.h">
      <Filter>Header Files</Filter>
    </ClInclude>
    <CustomBuild Include="tilestampmanager.h">
      <Filter>Header Files</Filter>
    </CustomBuild>
    <CustomBuild Include="tilestampmodel.h">
      <Filter>Header Files</Filter>
    </CustomBuild>
    <CustomBuild Include="tilestampsdock.h">
      <Filter>Header Files</Filter>
    </CustomBuild>
    <CustomBuild Include="tmxmapformat.h">
      <Filter>Header Files</Filter>
    </CustomBuild>
    <CustomBuild Include="toolmanager.h">
      <Filter>Header Files</Filter>
    </CustomBuild>
    <ClInclude Include="undocommands.h">
      <Filter>Header Files</Filter>
    </ClInclude>
    <CustomBuild Include="undodock.h">
      <Filter>Header Files</Filter>
    </CustomBuild>
    <ClInclude Include="utils.h">
      <Filter>Header Files</Filter>
    </ClInclude>
    <CustomBuild Include="varianteditorfactory.h">
      <Filter>Header Files</Filter>
    </CustomBuild>
    <CustomBuild Include="variantpropertymanager.h">
      <Filter>Header Files</Filter>
    </CustomBuild>
    <CustomBuild Include="zoomable.h">
      <Filter>Header Files</Filter>
    </CustomBuild>
  </ItemGroup>
  <ItemGroup>
    <CustomBuild Include="debug\documentmanager.moc">
      <Filter>Generated Files</Filter>
    </CustomBuild>
    <CustomBuild Include="release\documentmanager.moc">
      <Filter>Generated Files</Filter>
    </CustomBuild>
    <ClCompile Include="debug\moc_aboutdialog.cpp">
      <Filter>Generated Files</Filter>
    </ClCompile>
    <ClCompile Include="release\moc_aboutdialog.cpp">
      <Filter>Generated Files</Filter>
    </ClCompile>
    <ClCompile Include="debug\moc_abstractobjecttool.cpp">
      <Filter>Generated Files</Filter>
    </ClCompile>
    <ClCompile Include="release\moc_abstractobjecttool.cpp">
      <Filter>Generated Files</Filter>
    </ClCompile>
    <ClCompile Include="debug\moc_abstracttiletool.cpp">
      <Filter>Generated Files</Filter>
    </ClCompile>
    <ClCompile Include="release\moc_abstracttiletool.cpp">
      <Filter>Generated Files</Filter>
    </ClCompile>
    <ClCompile Include="debug\moc_abstracttool.cpp">
      <Filter>Generated Files</Filter>
    </ClCompile>
    <ClCompile Include="release\moc_abstracttool.cpp">
      <Filter>Generated Files</Filter>
    </ClCompile>
    <ClCompile Include="debug\moc_addpropertydialog.cpp">
      <Filter>Generated Files</Filter>
    </ClCompile>
    <ClCompile Include="release\moc_addpropertydialog.cpp">
      <Filter>Generated Files</Filter>
    </ClCompile>
    <ClCompile Include="debug\moc_automapper.cpp">
      <Filter>Generated Files</Filter>
    </ClCompile>
    <ClCompile Include="release\moc_automapper.cpp">
      <Filter>Generated Files</Filter>
    </ClCompile>
    <ClCompile Include="debug\moc_automappingmanager.cpp">
      <Filter>Generated Files</Filter>
    </ClCompile>
    <ClCompile Include="release\moc_automappingmanager.cpp">
      <Filter>Generated Files</Filter>
    </ClCompile>
    <ClCompile Include="debug\moc_brokenlinks.cpp">
      <Filter>Generated Files</Filter>
    </ClCompile>
    <ClCompile Include="release\moc_brokenlinks.cpp">
      <Filter>Generated Files</Filter>
    </ClCompile>
    <ClCompile Include="debug\moc_bucketfilltool.cpp">
      <Filter>Generated Files</Filter>
    </ClCompile>
    <ClCompile Include="release\moc_bucketfilltool.cpp">
      <Filter>Generated Files</Filter>
    </ClCompile>
    <ClCompile Include="debug\moc_clipboardmanager.cpp">
      <Filter>Generated Files</Filter>
    </ClCompile>
    <ClCompile Include="release\moc_clipboardmanager.cpp">
      <Filter>Generated Files</Filter>
    </ClCompile>
    <ClCompile Include="debug\moc_colorbutton.cpp">
      <Filter>Generated Files</Filter>
    </ClCompile>
    <ClCompile Include="release\moc_colorbutton.cpp">
      <Filter>Generated Files</Filter>
    </ClCompile>
    <ClCompile Include="debug\moc_command.cpp">
      <Filter>Generated Files</Filter>
    </ClCompile>
    <ClCompile Include="release\moc_command.cpp">
      <Filter>Generated Files</Filter>
    </ClCompile>
    <ClCompile Include="debug\moc_commandbutton.cpp">
      <Filter>Generated Files</Filter>
    </ClCompile>
    <ClCompile Include="release\moc_commandbutton.cpp">
      <Filter>Generated Files</Filter>
    </ClCompile>
    <ClCompile Include="debug\moc_commanddatamodel.cpp">
      <Filter>Generated Files</Filter>
    </ClCompile>
    <ClCompile Include="release\moc_commanddatamodel.cpp">
      <Filter>Generated Files</Filter>
    </ClCompile>
    <ClCompile Include="debug\moc_commanddialog.cpp">
      <Filter>Generated Files</Filter>
    </ClCompile>
    <ClCompile Include="release\moc_commanddialog.cpp">
      <Filter>Generated Files</Filter>
    </ClCompile>
    <ClCompile Include="debug\moc_consoledock.cpp">
      <Filter>Generated Files</Filter>
    </ClCompile>
    <ClCompile Include="release\moc_consoledock.cpp">
      <Filter>Generated Files</Filter>
    </ClCompile>
    <ClCompile Include="debug\moc_createellipseobjecttool.cpp">
      <Filter>Generated Files</Filter>
    </ClCompile>
    <ClCompile Include="release\moc_createellipseobjecttool.cpp">
      <Filter>Generated Files</Filter>
    </ClCompile>
    <ClCompile Include="debug\moc_createmultipointobjecttool.cpp">
      <Filter>Generated Files</Filter>
    </ClCompile>
    <ClCompile Include="release\moc_createmultipointobjecttool.cpp">
      <Filter>Generated Files</Filter>
    </ClCompile>
    <ClCompile Include="debug\moc_createobjecttool.cpp">
      <Filter>Generated Files</Filter>
    </ClCompile>
    <ClCompile Include="release\moc_createobjecttool.cpp">
      <Filter>Generated Files</Filter>
    </ClCompile>
    <ClCompile Include="debug\moc_createpolygonobjecttool.cpp">
      <Filter>Generated Files</Filter>
    </ClCompile>
    <ClCompile Include="release\moc_createpolygonobjecttool.cpp">
      <Filter>Generated Files</Filter>
    </ClCompile>
    <ClCompile Include="debug\moc_createpolylineobjecttool.cpp">
      <Filter>Generated Files</Filter>
    </ClCompile>
    <ClCompile Include="release\moc_createpolylineobjecttool.cpp">
      <Filter>Generated Files</Filter>
    </ClCompile>
    <ClCompile Include="debug\moc_createrectangleobjecttool.cpp">
      <Filter>Generated Files</Filter>
    </ClCompile>
    <ClCompile Include="release\moc_createrectangleobjecttool.cpp">
      <Filter>Generated Files</Filter>
    </ClCompile>
    <ClCompile Include="debug\moc_createscalableobjecttool.cpp">
      <Filter>Generated Files</Filter>
    </ClCompile>
    <ClCompile Include="release\moc_createscalableobjecttool.cpp">
      <Filter>Generated Files</Filter>
    </ClCompile>
    <ClCompile Include="debug\moc_createtileobjecttool.cpp">
      <Filter>Generated Files</Filter>
    </ClCompile>
    <ClCompile Include="release\moc_createtileobjecttool.cpp">
      <Filter>Generated Files</Filter>
    </ClCompile>
    <ClCompile Include="debug\moc_documentmanager.cpp">
      <Filter>Generated Files</Filter>
    </ClCompile>
    <ClCompile Include="release\moc_documentmanager.cpp">
      <Filter>Generated Files</Filter>
    </ClCompile>
    <ClCompile Include="debug\moc_editpolygontool.cpp">
      <Filter>Generated Files</Filter>
    </ClCompile>
    <ClCompile Include="release\moc_editpolygontool.cpp">
      <Filter>Generated Files</Filter>
    </ClCompile>
    <ClCompile Include="debug\moc_editterraindialog.cpp">
      <Filter>Generated Files</Filter>
    </ClCompile>
    <ClCompile Include="release\moc_editterraindialog.cpp">
      <Filter>Generated Files</Filter>
    </ClCompile>
    <ClCompile Include="debug\moc_eraser.cpp">
      <Filter>Generated Files</Filter>
    </ClCompile>
    <ClCompile Include="release\moc_eraser.cpp">
      <Filter>Generated Files</Filter>
    </ClCompile>
    <ClCompile Include="debug\moc_exportasimagedialog.cpp">
      <Filter>Generated Files</Filter>
    </ClCompile>
    <ClCompile Include="release\moc_exportasimagedialog.cpp">
      <Filter>Generated Files</Filter>
    </ClCompile>
    <ClCompile Include="debug\moc_fileedit.cpp">
      <Filter>Generated Files</Filter>
    </ClCompile>
    <ClCompile Include="release\moc_fileedit.cpp">
      <Filter>Generated Files</Filter>
    </ClCompile>
    <ClCompile Include="debug\moc_filesystemwatcher.cpp">
      <Filter>Generated Files</Filter>
    </ClCompile>
    <ClCompile Include="release\moc_filesystemwatcher.cpp">
      <Filter>Generated Files</Filter>
    </ClCompile>
    <ClCompile Include="debug\moc_flexiblescrollbar.cpp">
      <Filter>Generated Files</Filter>
    </ClCompile>
    <ClCompile Include="release\moc_flexiblescrollbar.cpp">
      <Filter>Generated Files</Filter>
    </ClCompile>
    <ClCompile Include="debug\moc_layerdock.cpp">
      <Filter>Generated Files</Filter>
    </ClCompile>
    <ClCompile Include="release\moc_layerdock.cpp">
      <Filter>Generated Files</Filter>
    </ClCompile>
    <ClCompile Include="debug\moc_layermodel.cpp">
      <Filter>Generated Files</Filter>
    </ClCompile>
    <ClCompile Include="release\moc_layermodel.cpp">
      <Filter>Generated Files</Filter>
    </ClCompile>
    <ClCompile Include="debug\moc_layeroffsettool.cpp">
      <Filter>Generated Files</Filter>
    </ClCompile>
    <ClCompile Include="release\moc_layeroffsettool.cpp">
      <Filter>Generated Files</Filter>
    </ClCompile>
    <ClCompile Include="debug\moc_magicwandtool.cpp">
      <Filter>Generated Files</Filter>
    </ClCompile>
    <ClCompile Include="release\moc_magicwandtool.cpp">
      <Filter>Generated Files</Filter>
    </ClCompile>
    <ClCompile Include="debug\moc_mainwindow.cpp">
      <Filter>Generated Files</Filter>
    </ClCompile>
    <ClCompile Include="release\moc_mainwindow.cpp">
      <Filter>Generated Files</Filter>
    </ClCompile>
    <ClCompile Include="debug\moc_mapdocument.cpp">
      <Filter>Generated Files</Filter>
    </ClCompile>
    <ClCompile Include="release\moc_mapdocument.cpp">
      <Filter>Generated Files</Filter>
    </ClCompile>
    <ClCompile Include="debug\moc_mapdocumentactionhandler.cpp">
      <Filter>Generated Files</Filter>
    </ClCompile>
    <ClCompile Include="release\moc_mapdocumentactionhandler.cpp">
      <Filter>Generated Files</Filter>
    </ClCompile>
    <ClCompile Include="debug\moc_mapobjectmodel.cpp">
      <Filter>Generated Files</Filter>
    </ClCompile>
    <ClCompile Include="release\moc_mapobjectmodel.cpp">
      <Filter>Generated Files</Filter>
    </ClCompile>
    <ClCompile Include="debug\moc_mapscene.cpp">
      <Filter>Generated Files</Filter>
    </ClCompile>
    <ClCompile Include="release\moc_mapscene.cpp">
      <Filter>Generated Files</Filter>
    </ClCompile>
    <ClCompile Include="debug\moc_mapsdock.cpp">
      <Filter>Generated Files</Filter>
    </ClCompile>
    <ClCompile Include="release\moc_mapsdock.cpp">
      <Filter>Generated Files</Filter>
    </ClCompile>
    <ClCompile Include="debug\moc_mapview.cpp">
      <Filter>Generated Files</Filter>
    </ClCompile>
    <ClCompile Include="release\moc_mapview.cpp">
      <Filter>Generated Files</Filter>
    </ClCompile>
    <ClCompile Include="debug\moc_minimap.cpp">
      <Filter>Generated Files</Filter>
    </ClCompile>
    <ClCompile Include="release\moc_minimap.cpp">
      <Filter>Generated Files</Filter>
    </ClCompile>
    <ClCompile Include="debug\moc_minimapdock.cpp">
      <Filter>Generated Files</Filter>
    </ClCompile>
    <ClCompile Include="release\moc_minimapdock.cpp">
      <Filter>Generated Files</Filter>
    </ClCompile>
    <ClCompile Include="debug\moc_movabletabwidget.cpp">
      <Filter>Generated Files</Filter>
    </ClCompile>
    <ClCompile Include="release\moc_movabletabwidget.cpp">
      <Filter>Generated Files</Filter>
    </ClCompile>
    <ClCompile Include="debug\moc_newmapdialog.cpp">
      <Filter>Generated Files</Filter>
    </ClCompile>
    <ClCompile Include="release\moc_newmapdialog.cpp">
      <Filter>Generated Files</Filter>
    </ClCompile>
    <ClCompile Include="debug\moc_newtilesetdialog.cpp">
      <Filter>Generated Files</Filter>
    </ClCompile>
    <ClCompile Include="release\moc_newtilesetdialog.cpp">
      <Filter>Generated Files</Filter>
    </ClCompile>
    <ClCompile Include="debug\moc_objectsdock.cpp">
      <Filter>Generated Files</Filter>
    </ClCompile>
    <ClCompile Include="release\moc_objectsdock.cpp">
      <Filter>Generated Files</Filter>
    </ClCompile>
    <ClCompile Include="debug\moc_objectselectionitem.cpp">
      <Filter>Generated Files</Filter>
    </ClCompile>
    <ClCompile Include="release\moc_objectselectionitem.cpp">
      <Filter>Generated Files</Filter>
    </ClCompile>
    <ClCompile Include="debug\moc_objectselectiontool.cpp">
      <Filter>Generated Files</Filter>
    </ClCompile>
    <ClCompile Include="release\moc_objectselectiontool.cpp">
      <Filter>Generated Files</Filter>
    </ClCompile>
    <ClCompile Include="debug\moc_objecttypeseditor.cpp">
      <Filter>Generated Files</Filter>
    </ClCompile>
    <ClCompile Include="release\moc_objecttypeseditor.cpp">
      <Filter>Generated Files</Filter>
    </ClCompile>
    <ClCompile Include="debug\moc_objecttypesmodel.cpp">
      <Filter>Generated Files</Filter>
    </ClCompile>
    <ClCompile Include="release\moc_objecttypesmodel.cpp">
      <Filter>Generated Files</Filter>
    </ClCompile>
    <ClCompile Include="debug\moc_offsetmapdialog.cpp">
      <Filter>Generated Files</Filter>
    </ClCompile>
    <ClCompile Include="release\moc_offsetmapdialog.cpp">
      <Filter>Generated Files</Filter>
    </ClCompile>
    <ClCompile Include="debug\moc_patreondialog.cpp">
      <Filter>Generated Files</Filter>
    </ClCompile>
    <ClCompile Include="release\moc_patreondialog.cpp">
      <Filter>Generated Files</Filter>
    </ClCompile>
    <ClCompile Include="debug\moc_pluginlistmodel.cpp">
      <Filter>Generated Files</Filter>
    </ClCompile>
    <ClCompile Include="release\moc_pluginlistmodel.cpp">
      <Filter>Generated Files</Filter>
    </ClCompile>
    <ClCompile Include="debug\moc_preferences.cpp">
      <Filter>Generated Files</Filter>
    </ClCompile>
    <ClCompile Include="release\moc_preferences.cpp">
      <Filter>Generated Files</Filter>
    </ClCompile>
    <ClCompile Include="debug\moc_preferencesdialog.cpp">
      <Filter>Generated Files</Filter>
    </ClCompile>
    <ClCompile Include="release\moc_preferencesdialog.cpp">
      <Filter>Generated Files</Filter>
    </ClCompile>
    <ClCompile Include="debug\moc_propertiesdock.cpp">
      <Filter>Generated Files</Filter>
    </ClCompile>
    <ClCompile Include="release\moc_propertiesdock.cpp">
      <Filter>Generated Files</Filter>
    </ClCompile>
    <ClCompile Include="debug\moc_propertybrowser.cpp">
      <Filter>Generated Files</Filter>
    </ClCompile>
    <ClCompile Include="release\moc_propertybrowser.cpp">
      <Filter>Generated Files</Filter>
    </ClCompile>
    <ClCompile Include="debug\moc_qtlocalpeer.cpp">
      <Filter>Generated Files</Filter>
    </ClCompile>
    <ClCompile Include="release\moc_qtlocalpeer.cpp">
      <Filter>Generated Files</Filter>
    </ClCompile>
    <ClCompile Include="debug\moc_qtpropertybrowserutils_p.cpp">
      <Filter>Generated Files</Filter>
    </ClCompile>
    <ClCompile Include="release\moc_qtpropertybrowserutils_p.cpp">
      <Filter>Generated Files</Filter>
    </ClCompile>
    <ClCompile Include="debug\moc_qtsingleapplication.cpp">
      <Filter>Generated Files</Filter>
    </ClCompile>
    <ClCompile Include="release\moc_qtsingleapplication.cpp">
      <Filter>Generated Files</Filter>
    </ClCompile>
    <ClCompile Include="debug\moc_resizedialog.cpp">
      <Filter>Generated Files</Filter>
    </ClCompile>
    <ClCompile Include="release\moc_resizedialog.cpp">
      <Filter>Generated Files</Filter>
    </ClCompile>
    <ClCompile Include="debug\moc_resizehelper.cpp">
      <Filter>Generated Files</Filter>
    </ClCompile>
    <ClCompile Include="release\moc_resizehelper.cpp">
      <Filter>Generated Files</Filter>
    </ClCompile>
    <ClCompile Include="debug\moc_selectsametiletool.cpp">
      <Filter>Generated Files</Filter>
    </ClCompile>
    <ClCompile Include="release\moc_selectsametiletool.cpp">
      <Filter>Generated Files</Filter>
    </ClCompile>
    <ClCompile Include="debug\moc_stampbrush.cpp">
      <Filter>Generated Files</Filter>
    </ClCompile>
    <ClCompile Include="release\moc_stampbrush.cpp">
      <Filter>Generated Files</Filter>
    </ClCompile>
    <ClCompile Include="debug\moc_terrainbrush.cpp">
      <Filter>Generated Files</Filter>
    </ClCompile>
    <ClCompile Include="release\moc_terrainbrush.cpp">
      <Filter>Generated Files</Filter>
    </ClCompile>
    <ClCompile Include="debug\moc_terraindock.cpp">
      <Filter>Generated Files</Filter>
    </ClCompile>
    <ClCompile Include="release\moc_terraindock.cpp">
      <Filter>Generated Files</Filter>
    </ClCompile>
    <ClCompile Include="debug\moc_terrainmodel.cpp">
      <Filter>Generated Files</Filter>
    </ClCompile>
    <ClCompile Include="release\moc_terrainmodel.cpp">
      <Filter>Generated Files</Filter>
    </ClCompile>
    <ClCompile Include="debug\moc_terrainview.cpp">
      <Filter>Generated Files</Filter>
    </ClCompile>
    <ClCompile Include="release\moc_terrainview.cpp">
      <Filter>Generated Files</Filter>
    </ClCompile>
    <ClCompile Include="debug\moc_texteditordialog.cpp">
      <Filter>Generated Files</Filter>
    </ClCompile>
    <ClCompile Include="release\moc_texteditordialog.cpp">
      <Filter>Generated Files</Filter>
    </ClCompile>
    <ClCompile Include="debug\moc_textpropertyedit.cpp">
      <Filter>Generated Files</Filter>
    </ClCompile>
    <ClCompile Include="release\moc_textpropertyedit.cpp">
      <Filter>Generated Files</Filter>
    </ClCompile>
    <ClCompile Include="debug\moc_tileanimationdriver.cpp">
      <Filter>Generated Files</Filter>
    </ClCompile>
    <ClCompile Include="release\moc_tileanimationdriver.cpp">
      <Filter>Generated Files</Filter>
    </ClCompile>
    <ClCompile Include="debug\moc_tileanimationeditor.cpp">
      <Filter>Generated Files</Filter>
    </ClCompile>
    <ClCompile Include="release\moc_tileanimationeditor.cpp">
      <Filter>Generated Files</Filter>
    </ClCompile>
    <ClCompile Include="debug\moc_tilecollisioneditor.cpp">
      <Filter>Generated Files</Filter>
    </ClCompile>
    <ClCompile Include="release\moc_tilecollisioneditor.cpp">
      <Filter>Generated Files</Filter>
    </ClCompile>
    <ClCompile Include="debug\moc_tiledapplication.cpp">
      <Filter>Generated Files</Filter>
    </ClCompile>
    <ClCompile Include="release\moc_tiledapplication.cpp">
      <Filter>Generated Files</Filter>
    </ClCompile>
    <ClCompile Include="debug\moc_tileselectionitem.cpp">
      <Filter>Generated Files</Filter>
    </ClCompile>
    <ClCompile Include="release\moc_tileselectionitem.cpp">
      <Filter>Generated Files</Filter>
    </ClCompile>
    <ClCompile Include="debug\moc_tileselectiontool.cpp">
      <Filter>Generated Files</Filter>
    </ClCompile>
    <ClCompile Include="release\moc_tileselectiontool.cpp">
      <Filter>Generated Files</Filter>
    </ClCompile>
    <ClCompile Include="debug\moc_tilesetdock.cpp">
      <Filter>Generated Files</Filter>
    </ClCompile>
    <ClCompile Include="release\moc_tilesetdock.cpp">
      <Filter>Generated Files</Filter>
    </ClCompile>
    <ClCompile Include="debug\moc_tilesetmanager.cpp">
      <Filter>Generated Files</Filter>
    </ClCompile>
    <ClCompile Include="release\moc_tilesetmanager.cpp">
      <Filter>Generated Files</Filter>
    </ClCompile>
    <ClCompile Include="debug\moc_tilesetmodel.cpp">
      <Filter>Generated Files</Filter>
    </ClCompile>
    <ClCompile Include="release\moc_tilesetmodel.cpp">
      <Filter>Generated Files</Filter>
    </ClCompile>
    <ClCompile Include="debug\moc_tilesetparametersedit.cpp">
      <Filter>Generated Files</Filter>
    </ClCompile>
    <ClCompile Include="release\moc_tilesetparametersedit.cpp">
      <Filter>Generated Files</Filter>
    </ClCompile>
    <ClCompile Include="debug\moc_tilesetview.cpp">
      <Filter>Generated Files</Filter>
    </ClCompile>
    <ClCompile Include="release\moc_tilesetview.cpp">
      <Filter>Generated Files</Filter>
    </ClCompile>
    <ClCompile Include="debug\moc_tilestampmanager.cpp">
      <Filter>Generated Files</Filter>
    </ClCompile>
    <ClCompile Include="release\moc_tilestampmanager.cpp">
      <Filter>Generated Files</Filter>
    </ClCompile>
    <ClCompile Include="debug\moc_tilestampmodel.cpp">
      <Filter>Generated Files</Filter>
    </ClCompile>
    <ClCompile Include="release\moc_tilestampmodel.cpp">
      <Filter>Generated Files</Filter>
    </ClCompile>
    <ClCompile Include="debug\moc_tilestampsdock.cpp">
      <Filter>Generated Files</Filter>
    </ClCompile>
    <ClCompile Include="release\moc_tilestampsdock.cpp">
      <Filter>Generated Files</Filter>
    </ClCompile>
    <ClCompile Include="debug\moc_tmxmapformat.cpp">
      <Filter>Generated Files</Filter>
    </ClCompile>
    <ClCompile Include="release\moc_tmxmapformat.cpp">
      <Filter>Generated Files</Filter>
    </ClCompile>
    <ClCompile Include="debug\moc_toolmanager.cpp">
      <Filter>Generated Files</Filter>
    </ClCompile>
    <ClCompile Include="release\moc_toolmanager.cpp">
      <Filter>Generated Files</Filter>
    </ClCompile>
    <ClCompile Include="debug\moc_undodock.cpp">
      <Filter>Generated Files</Filter>
    </ClCompile>
    <ClCompile Include="release\moc_undodock.cpp">
      <Filter>Generated Files</Filter>
    </ClCompile>
    <ClCompile Include="debug\moc_varianteditorfactory.cpp">
      <Filter>Generated Files</Filter>
    </ClCompile>
    <ClCompile Include="release\moc_varianteditorfactory.cpp">
      <Filter>Generated Files</Filter>
    </ClCompile>
    <ClCompile Include="debug\moc_variantpropertymanager.cpp">
      <Filter>Generated Files</Filter>
    </ClCompile>
    <ClCompile Include="release\moc_variantpropertymanager.cpp">
      <Filter>Generated Files</Filter>
    </ClCompile>
    <ClCompile Include="debug\moc_zoomable.cpp">
      <Filter>Generated Files</Filter>
    </ClCompile>
    <ClCompile Include="release\moc_zoomable.cpp">
      <Filter>Generated Files</Filter>
    </ClCompile>
    <ClCompile Include="pch.h.cpp">
      <Filter>Generated Files</Filter>
    </ClCompile>
    <ClCompile Include="debug\qrc_qtpropertybrowser.cpp">
      <Filter>Generated Files</Filter>
    </ClCompile>
    <ClCompile Include="release\qrc_qtpropertybrowser.cpp">
      <Filter>Generated Files</Filter>
    </ClCompile>
    <ClCompile Include="debug\qrc_tiled.cpp">
      <Filter>Generated Files</Filter>
    </ClCompile>
    <ClCompile Include="release\qrc_tiled.cpp">
      <Filter>Generated Files</Filter>
    </ClCompile>
    <CustomBuild Include="debug\qteditorfactory.moc">
      <Filter>Generated Files</Filter>
    </CustomBuild>
    <CustomBuild Include="release\qteditorfactory.moc">
      <Filter>Generated Files</Filter>
    </CustomBuild>
    <CustomBuild Include="debug\qtpropertymanager.moc">
      <Filter>Generated Files</Filter>
    </CustomBuild>
    <CustomBuild Include="release\qtpropertymanager.moc">
      <Filter>Generated Files</Filter>
    </CustomBuild>
    <CustomBuild Include="debug\qttreepropertybrowser.moc">
      <Filter>Generated Files</Filter>
    </CustomBuild>
    <CustomBuild Include="release\qttreepropertybrowser.moc">
      <Filter>Generated Files</Filter>
    </CustomBuild>
    <CustomBuild Include="debug\tileanimationeditor.moc">
      <Filter>Generated Files</Filter>
    </CustomBuild>
    <CustomBuild Include="release\tileanimationeditor.moc">
      <Filter>Generated Files</Filter>
    </CustomBuild>
    <ClInclude Include="ui_aboutdialog.h">
      <Filter>Generated Files</Filter>
    </ClInclude>
    <ClInclude Include="ui_addpropertydialog.h">
      <Filter>Generated Files</Filter>
    </ClInclude>
    <ClInclude Include="ui_commanddialog.h">
      <Filter>Generated Files</Filter>
    </ClInclude>
    <ClInclude Include="ui_editterraindialog.h">
      <Filter>Generated Files</Filter>
    </ClInclude>
    <ClInclude Include="ui_exportasimagedialog.h">
      <Filter>Generated Files</Filter>
    </ClInclude>
    <ClInclude Include="ui_mainwindow.h">
      <Filter>Generated Files</Filter>
    </ClInclude>
    <ClInclude Include="ui_newmapdialog.h">
      <Filter>Generated Files</Filter>
    </ClInclude>
    <ClInclude Include="ui_newtilesetdialog.h">
      <Filter>Generated Files</Filter>
    </ClInclude>
    <ClInclude Include="ui_objecttypeseditor.h">
      <Filter>Generated Files</Filter>
    </ClInclude>
    <ClInclude Include="ui_offsetmapdialog.h">
      <Filter>Generated Files</Filter>
    </ClInclude>
    <ClInclude Include="ui_patreondialog.h">
      <Filter>Generated Files</Filter>
    </ClInclude>
    <ClInclude Include="ui_preferencesdialog.h">
      <Filter>Generated Files</Filter>
    </ClInclude>
    <ClInclude Include="ui_resizedialog.h">
      <Filter>Generated Files</Filter>
    </ClInclude>
    <ClInclude Include="ui_texteditordialog.h">
      <Filter>Generated Files</Filter>
    </ClInclude>
    <ClInclude Include="ui_tileanimationeditor.h">
      <Filter>Generated Files</Filter>
    </ClInclude>
    <CustomBuild Include="debug\varianteditorfactory.moc">
      <Filter>Generated Files</Filter>
    </CustomBuild>
    <CustomBuild Include="release\varianteditorfactory.moc">
      <Filter>Generated Files</Filter>
    </CustomBuild>
  </ItemGroup>
  <ItemGroup>
    <CustomBuild Include="aboutdialog.ui">
      <Filter>Form Files</Filter>
    </CustomBuild>
    <CustomBuild Include="addpropertydialog.ui">
      <Filter>Form Files</Filter>
    </CustomBuild>
    <CustomBuild Include="commanddialog.ui">
      <Filter>Form Files</Filter>
    </CustomBuild>
    <CustomBuild Include="editterraindialog.ui">
      <Filter>Form Files</Filter>
    </CustomBuild>
    <CustomBuild Include="exportasimagedialog.ui">
      <Filter>Form Files</Filter>
    </CustomBuild>
    <CustomBuild Include="mainwindow.ui">
      <Filter>Form Files</Filter>
    </CustomBuild>
    <CustomBuild Include="newmapdialog.ui">
      <Filter>Form Files</Filter>
    </CustomBuild>
    <CustomBuild Include="newtilesetdialog.ui">
      <Filter>Form Files</Filter>
    </CustomBuild>
    <CustomBuild Include="objecttypeseditor.ui">
      <Filter>Form Files</Filter>
    </CustomBuild>
    <CustomBuild Include="offsetmapdialog.ui">
      <Filter>Form Files</Filter>
    </CustomBuild>
    <CustomBuild Include="patreondialog.ui">
      <Filter>Form Files</Filter>
    </CustomBuild>
    <CustomBuild Include="preferencesdialog.ui">
      <Filter>Form Files</Filter>
    </CustomBuild>
    <CustomBuild Include="resizedialog.ui">
      <Filter>Form Files</Filter>
    </CustomBuild>
    <CustomBuild Include="texteditordialog.ui">
      <Filter>Form Files</Filter>
    </CustomBuild>
    <CustomBuild Include="tileanimationeditor.ui">
      <Filter>Form Files</Filter>
    </CustomBuild>
  </ItemGroup>
  <ItemGroup>
    <None Include="images\about-tiled-logo.png">
      <Filter>Resource Files</Filter>
    </None>
    <None Include="images\16x16\add.png">
      <Filter>Resource Files</Filter>
    </None>
    <None Include="images\22x22\add.png">
      <Filter>Resource Files</Filter>
    </None>
    <None Include="images\16x16\application-exit.png">
      <Filter>Resource Files</Filter>
    </None>
    <None Include="..\qtpropertybrowser\src\images\cursor-arrow.png">
      <Filter>Resource Files</Filter>
    </None>
    <None Include="..\qtpropertybrowser\src\images\cursor-busy.png">
      <Filter>Resource Files</Filter>
    </None>
    <None Include="..\qtpropertybrowser\src\images\cursor-closedhand.png">
      <Filter>Resource Files</Filter>
    </None>
    <None Include="..\qtpropertybrowser\src\images\cursor-cross.png">
      <Filter>Resource Files</Filter>
    </None>
    <None Include="..\qtpropertybrowser\src\images\cursor-forbidden.png">
      <Filter>Resource Files</Filter>
    </None>
    <None Include="..\qtpropertybrowser\src\images\cursor-hand.png">
      <Filter>Resource Files</Filter>
    </None>
    <None Include="..\qtpropertybrowser\src\images\cursor-hsplit.png">
      <Filter>Resource Files</Filter>
    </None>
    <None Include="..\qtpropertybrowser\src\images\cursor-ibeam.png">
      <Filter>Resource Files</Filter>
    </None>
    <None Include="..\qtpropertybrowser\src\images\cursor-openhand.png">
      <Filter>Resource Files</Filter>
    </None>
    <None Include="..\qtpropertybrowser\src\images\cursor-sizeall.png">
      <Filter>Resource Files</Filter>
    </None>
    <None Include="..\qtpropertybrowser\src\images\cursor-sizeb.png">
      <Filter>Resource Files</Filter>
    </None>
    <None Include="..\qtpropertybrowser\src\images\cursor-sizef.png">
      <Filter>Resource Files</Filter>
    </None>
    <None Include="..\qtpropertybrowser\src\images\cursor-sizeh.png">
      <Filter>Resource Files</Filter>
    </None>
    <None Include="..\qtpropertybrowser\src\images\cursor-sizev.png">
      <Filter>Resource Files</Filter>
    </None>
    <None Include="..\qtpropertybrowser\src\images\cursor-uparrow.png">
      <Filter>Resource Files</Filter>
    </None>
    <None Include="..\qtpropertybrowser\src\images\cursor-vsplit.png">
      <Filter>Resource Files</Filter>
    </None>
    <None Include="..\qtpropertybrowser\src\images\cursor-wait.png">
      <Filter>Resource Files</Filter>
    </None>
    <None Include="..\qtpropertybrowser\src\images\cursor-whatsthis.png">
      <Filter>Resource Files</Filter>
    </None>
    <None Include="images\24x24\dice.png">
      <Filter>Resource Files</Filter>
    </None>
    <None Include="images\16x16\document-export.png">
      <Filter>Resource Files</Filter>
    </None>
    <None Include="images\16x16\document-import.png">
      <Filter>Resource Files</Filter>
    </None>
    <None Include="images\16x16\document-new.png">
      <Filter>Resource Files</Filter>
    </None>
    <None Include="images\24x24\document-new.png">
      <Filter>Resource Files</Filter>
    </None>
    <None Include="images\16x16\document-open-recent.png">
      <Filter>Resource Files</Filter>
    </None>
    <None Include="images\24x24\document-open-recent.png">
      <Filter>Resource Files</Filter>
    </None>
    <None Include="images\16x16\document-open.png">
      <Filter>Resource Files</Filter>
    </None>
    <None Include="images\24x24\document-open.png">
      <Filter>Resource Files</Filter>
    </None>
    <None Include="images\16x16\document-page-setup.png">
      <Filter>Resource Files</Filter>
    </None>
    <None Include="images\24x24\document-page-setup.png">
      <Filter>Resource Files</Filter>
    </None>
    <None Include="images\16x16\document-properties.png">
      <Filter>Resource Files</Filter>
    </None>
    <None Include="images\24x24\document-properties.png">
      <Filter>Resource Files</Filter>
    </None>
    <None Include="images\16x16\document-save-as.png">
      <Filter>Resource Files</Filter>
    </None>
    <None Include="images\24x24\document-save-as.png">
      <Filter>Resource Files</Filter>
    </None>
    <None Include="images\16x16\document-save.png">
      <Filter>Resource Files</Filter>
    </None>
    <None Include="images\24x24\document-save.png">
      <Filter>Resource Files</Filter>
    </None>
    <None Include="images\16x16\drive-harddisk.png">
      <Filter>Resource Files</Filter>
    </None>
    <None Include="images\24x24\drive-harddisk.png">
      <Filter>Resource Files</Filter>
    </None>
    <None Include="images\16x16\edit-clear.png">
      <Filter>Resource Files</Filter>
    </None>
    <None Include="images\24x24\edit-clear.png">
      <Filter>Resource Files</Filter>
    </None>
    <None Include="images\16x16\edit-copy.png">
      <Filter>Resource Files</Filter>
    </None>
    <None Include="images\24x24\edit-copy.png">
      <Filter>Resource Files</Filter>
    </None>
    <None Include="images\16x16\edit-cut.png">
      <Filter>Resource Files</Filter>
    </None>
    <None Include="images\24x24\edit-cut.png">
      <Filter>Resource Files</Filter>
    </None>
    <None Include="images\16x16\edit-delete.png">
      <Filter>Resource Files</Filter>
    </None>
    <None Include="images\16x16\edit-paste.png">
      <Filter>Resource Files</Filter>
    </None>
    <None Include="images\24x24\edit-paste.png">
      <Filter>Resource Files</Filter>
    </None>
    <None Include="images\16x16\edit-redo.png">
      <Filter>Resource Files</Filter>
    </None>
    <None Include="images\24x24\edit-redo.png">
      <Filter>Resource Files</Filter>
    </None>
    <None Include="images\16x16\edit-undo.png">
      <Filter>Resource Files</Filter>
    </None>
    <None Include="images\24x24\edit-undo.png">
      <Filter>Resource Files</Filter>
    </None>
    <None Include="images\16x16\error.png">
      <Filter>Resource Files</Filter>
    </None>
    <None Include="images\22x22\error.png">
      <Filter>Resource Files</Filter>
    </None>
    <None Include="images\32x32\error.png">
      <Filter>Resource Files</Filter>
    </None>
    <None Include="images\16x16\go-down.png">
      <Filter>Resource Files</Filter>
    </None>
    <None Include="images\24x24\go-down.png">
      <Filter>Resource Files</Filter>
    </None>
    <None Include="images\16x16\go-up.png">
      <Filter>Resource Files</Filter>
    </None>
    <None Include="images\24x24\go-up.png">
      <Filter>Resource Files</Filter>
    </None>
    <None Include="images\16x16\help-about.png">
      <Filter>Resource Files</Filter>
    </None>
    <None Include="images\24x24\help-about.png">
      <Filter>Resource Files</Filter>
    </None>
    <None Include="images\16x16\image-missing.png">
      <Filter>Resource Files</Filter>
    </None>
    <None Include="images\32x32\image-missing.png">
      <Filter>Resource Files</Filter>
    </None>
    <None Include="images\24x24\insert-ellipse.png">
      <Filter>Resource Files</Filter>
    </None>
    <None Include="images\24x24\insert-image.png">
      <Filter>Resource Files</Filter>
    </None>
    <None Include="images\24x24\insert-object.png">
      <Filter>Resource Files</Filter>
    </None>
    <None Include="images\24x24\insert-polygon.png">
      <Filter>Resource Files</Filter>
    </None>
    <None Include="images\24x24\insert-polyline.png">
      <Filter>Resource Files</Filter>
    </None>
    <None Include="images\24x24\insert-rectangle.png">
      <Filter>Resource Files</Filter>
    </None>
    <None Include="images\16x16\layer-image.png">
      <Filter>Resource Files</Filter>
    </None>
    <None Include="images\16x16\layer-object.png">
      <Filter>Resource Files</Filter>
    </None>
    <None Include="images\16x16\layer-tile.png">
      <Filter>Resource Files</Filter>
    </None>
    <None Include="images\24x24\move-image-layer.png">
      <Filter>Resource Files</Filter>
    </None>
    <None Include="images\16x16\plugin.png">
      <Filter>Resource Files</Filter>
    </None>
    <None Include="images\22x22\plugin.png">
      <Filter>Resource Files</Filter>
    </None>
    <None Include="images\32x32\plugin.png">
      <Filter>Resource Files</Filter>
    </None>
    <CustomBuild Include="..\qtpropertybrowser\src\qtpropertybrowser.qrc">
      <Filter>Resource Files</Filter>
    </CustomBuild>
    <None Include="images\16x16\remove.png">
      <Filter>Resource Files</Filter>
    </None>
    <None Include="images\22x22\remove.png">
      <Filter>Resource Files</Filter>
    </None>
    <None Include="images\16x16\rename.png">
      <Filter>Resource Files</Filter>
    </None>
    <None Include="images\16x16\show_hide_others.png">
      <Filter>Resource Files</Filter>
    </None>
    <None Include="images\16x16\stock-duplicate-16.png">
      <Filter>Resource Files</Filter>
    </None>
    <None Include="images\22x22\stock-tool-bucket-fill.png">
      <Filter>Resource Files</Filter>
    </None>
    <None Include="images\22x22\stock-tool-by-color-select.png">
      <Filter>Resource Files</Filter>
    </None>
    <None Include="images\22x22\stock-tool-clone.png">
      <Filter>Resource Files</Filter>
    </None>
    <None Include="images\22x22\stock-tool-eraser.png">
      <Filter>Resource Files</Filter>
    </None>
    <None Include="images\22x22\stock-tool-fuzzy-select-22.png">
      <Filter>Resource Files</Filter>
    </None>
    <None Include="images\22x22\stock-tool-move-22.png">
      <Filter>Resource Files</Filter>
    </None>
    <None Include="images\22x22\stock-tool-rect-select.png">
      <Filter>Resource Files</Filter>
    </None>
    <None Include="images\24x24\system-run.png">
      <Filter>Resource Files</Filter>
    </None>
    <None Include="images\16x16\terminal-green.png">
      <Filter>Resource Files</Filter>
    </None>
    <None Include="images\16x16\terminal-red.png">
      <Filter>Resource Files</Filter>
    </None>
    <None Include="images\16x16\terminal.png">
      <Filter>Resource Files</Filter>
    </None>
    <None Include="images\24x24\terrain-edit.png">
      <Filter>Resource Files</Filter>
    </None>
    <None Include="images\16x16\terrain.png">
      <Filter>Resource Files</Filter>
    </None>
    <None Include="images\24x24\terrain.png">
      <Filter>Resource Files</Filter>
    </None>
    <None Include="images\16x16\tiled.png">
      <Filter>Resource Files</Filter>
    </None>
    <None Include="images\32x32\tiled.png">
      <Filter>Resource Files</Filter>
    </None>
    <CustomBuild Include="tiled.qrc">
      <Filter>Resource Files</Filter>
    </CustomBuild>
    <None Include="images\24x24\tool-edit-polygons.png">
      <Filter>Resource Files</Filter>
    </None>
    <None Include="images\22x22\tool-select-objects.png">
      <Filter>Resource Files</Filter>
    </None>
    <None Include="images\16x16\window-close.png">
      <Filter>Resource Files</Filter>
    </None>
    <None Include="images\16x16\zoom-in.png">
      <Filter>Resource Files</Filter>
    </None>
    <None Include="images\24x24\zoom-in.png">
      <Filter>Resource Files</Filter>
    </None>
    <None Include="images\16x16\zoom-original.png">
      <Filter>Resource Files</Filter>
    </None>
    <None Include="images\24x24\zoom-original.png">
      <Filter>Resource Files</Filter>
    </None>
    <None Include="images\16x16\zoom-out.png">
      <Filter>Resource Files</Filter>
    </None>
    <None Include="images\24x24\zoom-out.png">
      <Filter>Resource Files</Filter>
    </None>
  </ItemGroup>
  <ItemGroup />
</Project>